
Microsoft Visual Studio Solution File, Format Version 12.00
# Visual Studio Version 17
VisualStudioVersion = 17.0.31903.59
MinimumVisualStudioVersion = 10.0.40219.1
Project("{FAE04EC0-301F-11D3-BF4B-00C04F79EFBC}") = "PrqlCompiler", "PrqlCompiler\PrqlCompiler.csproj", "{339EA2A6-23D2-4938-884F-052431AC0674}"
EndProject
Project("{FAE04EC0-301F-11D3-BF4B-00C04F79EFBC}") = "PrqlCompiler.Tests", "PrqlCompiler.Tests\PrqlCompiler.Tests.csproj", "{78C1AD08-6FF5-444E-9298-385887ABAA80}"
EndProject
Global
	GlobalSection(SolutionConfigurationPlatforms) = preSolution
		Debug|Any CPU = Debug|Any CPU
		Release|Any CPU = Release|Any CPU
	EndGlobalSection
	GlobalSection(SolutionProperties) = preSolution
		HideSolutionNode = FALSE
	EndGlobalSection
	GlobalSection(ProjectConfigurationPlatforms) = postSolution
		{339EA2A6-23D2-4938-884F-052431AC0674}.Debug|Any CPU.ActiveCfg = Debug|Any CPU
		{339EA2A6-23D2-4938-884F-052431AC0674}.Debug|Any CPU.Build.0 = Debug|Any CPU
		{339EA2A6-23D2-4938-884F-052431AC0674}.Release|Any CPU.ActiveCfg = Release|Any CPU
		{339EA2A6-23D2-4938-884F-052431AC0674}.Release|Any CPU.Build.0 = Release|Any CPU
		{78C1AD08-6FF5-444E-9298-385887ABAA80}.Debug|Any CPU.ActiveCfg = Debug|Any CPU
		{78C1AD08-6FF5-444E-9298-385887ABAA80}.Debug|Any CPU.Build.0 = Debug|Any CPU
		{78C1AD08-6FF5-444E-9298-385887ABAA80}.Release|Any CPU.ActiveCfg = Release|Any CPU
		{78C1AD08-6FF5-444E-9298-385887ABAA80}.Release|Any CPU.Build.0 = Release|Any CPU
	EndGlobalSection
EndGlobal
