
Microsoft Visual Studio Solution File, Format Version 12.00
# Visual Studio Version 17
VisualStudioVersion = 17.0.31903.59
MinimumVisualStudioVersion = 10.0.40219.1
Project("{9A19103F-16F7-4668-BE54-9A1E7A4F7556}") = "PrqlCompiler", "PrqlCompiler\PrqlCompiler.csproj", "{339EA2A6-23D2-4938-884F-052431AC0674}"
EndProject
Project("{9A19103F-16F7-4668-BE54-9A1E7A4F7556}") = "PrqlCompiler.Tests", "PrqlCompiler.Tests\PrqlCompiler.Tests.csproj", "{78C1AD08-6FF5-444E-9298-385887ABAA80}"
EndProject
Project("{2150E333-8FDC-42A3-9474-1A3956D46DE8}") = "Solution items", "Solution items", "{A5DC0D85-61A8-4E32-B5FC-4196CB406F3C}"
	ProjectSection(SolutionItems) = preProject
		.editorconfig = .editorconfig
		.gitignore = .gitignore
		Directory.Build.props = Directory.Build.props
		Directory.Build.targets = Directory.Build.targets
		README.md = README.md
	EndProjectSection
EndProject
Global
	GlobalSection(SolutionConfigurationPlatforms) = preSolution
		Debug|Any CPU = Debug|Any CPU
		Release|Any CPU = Release|Any CPU
	EndGlobalSection
	GlobalSection(ProjectConfigurationPlatforms) = postSolution
		{339EA2A6-23D2-4938-884F-052431AC0674}.Debug|Any CPU.ActiveCfg = Debug|Any CPU
		{339EA2A6-23D2-4938-884F-052431AC0674}.Debug|Any CPU.Build.0 = Debug|Any CPU
		{339EA2A6-23D2-4938-884F-052431AC0674}.Release|Any CPU.ActiveCfg = Release|Any CPU
		{339EA2A6-23D2-4938-884F-052431AC0674}.Release|Any CPU.Build.0 = Release|Any CPU
		{78C1AD08-6FF5-444E-9298-385887ABAA80}.Debug|Any CPU.ActiveCfg = Debug|Any CPU
		{78C1AD08-6FF5-444E-9298-385887ABAA80}.Debug|Any CPU.Build.0 = Debug|Any CPU
		{78C1AD08-6FF5-444E-9298-385887ABAA80}.Release|Any CPU.ActiveCfg = Release|Any CPU
		{78C1AD08-6FF5-444E-9298-385887ABAA80}.Release|Any CPU.Build.0 = Release|Any CPU
	EndGlobalSection
	GlobalSection(SolutionProperties) = preSolution
		HideSolutionNode = FALSE
	EndGlobalSection
EndGlobal
