{
  "nodes": {
    "fenix": {
      "inputs": {
        "nixpkgs": ["nixpkgs"],
        "rust-analyzer-src": "rust-analyzer-src"
      },
      "locked": {
        "lastModified": 1708928609,
        "narHash": "sha256-LcXC2NP/TzHMmJThZGG1e+7rht5HeuZK5WOirIDg+lU=",
        "owner": "nix-community",
        "repo": "fenix",
        "rev": "e928fb6b5179ebd032c19afac5c461ccc0b6de55",
        "type": "github"
      },
      "original": {
        "owner": "nix-community",
        "repo": "fenix",
        "type": "github"
      }
    },
    "flake-utils": {
      "inputs": {
        "systems": "systems"
      },
      "locked": {
        "lastModified": 1705309234,
        "narHash": "sha256-uNRRNRKmJyCRC/8y1RqBkqWBLM034y4qN7EprSdmgyA=",
        "owner": "numtide",
        "repo": "flake-utils",
        "rev": "1ef2e671c3b0c19053962c07dbda38332dcebf26",
        "type": "github"
      },
      "original": {
        "owner": "numtide",
        "repo": "flake-utils",
        "type": "github"
      }
    },
    "flake-utils_2": {
      "inputs": {
        "systems": "systems_2"
      },
      "locked": {
        "lastModified": 1692799911,
        "narHash": "sha256-3eihraek4qL744EvQXsK1Ha6C3CR7nnT8X2qWap4RNk=",
        "owner": "numtide",
        "repo": "flake-utils",
        "rev": "f9e7cf818399d17d347f847525c5a5a8032e4e44",
        "type": "github"
      },
      "original": {
        "owner": "numtide",
        "repo": "flake-utils",
        "type": "github"
      }
    },
    "flake-utils_3": {
      "inputs": {
        "systems": "systems_3"
      },
      "locked": {
        "lastModified": 1692799911,
        "narHash": "sha256-3eihraek4qL744EvQXsK1Ha6C3CR7nnT8X2qWap4RNk=",
        "owner": "numtide",
        "repo": "flake-utils",
        "rev": "f9e7cf818399d17d347f847525c5a5a8032e4e44",
        "type": "github"
      },
      "original": {
        "owner": "numtide",
        "repo": "flake-utils",
        "type": "github"
      }
    },
    "hyperlink": {
      "inputs": {
        "flake-utils": "flake-utils_2",
        "naersk": "naersk",
        "nixpkgs": "nixpkgs_2"
      },
      "locked": {
        "lastModified": 1692898646,
        "narHash": "sha256-lzQ5JRnxUJ/KWdesi6SeXxchoMmqDxIdIKJf6GE958A=",
        "owner": "aljazerzen",
        "repo": "hyperlink",
        "rev": "b813bbe78aa6c4296218df499fce83f0385ae793",
        "type": "github"
      },
      "original": {
        "owner": "aljazerzen",
        "repo": "hyperlink",
        "type": "github"
      }
    },
    "mdbook-footnote": {
      "inputs": {
        "flake-utils": "flake-utils_3",
        "naersk": "naersk_2",
        "nixpkgs": "nixpkgs_4"
      },
      "locked": {
        "lastModified": 1692893171,
        "narHash": "sha256-jUl3rFtMkgmRybtWmG518KhV4VvLvjHus/EeoPPzGAU=",
        "owner": "aljazerzen",
        "repo": "mdbook-footnote",
        "rev": "bf72d2850a6d6f6fe56cab3b6574f8803590660b",
        "type": "github"
      },
      "original": {
        "owner": "aljazerzen",
        "repo": "mdbook-footnote",
        "type": "github"
      }
    },
    "naersk": {
      "inputs": {
        "nixpkgs": "nixpkgs"
      },
      "locked": {
        "lastModified": 1692351612,
        "narHash": "sha256-KTGonidcdaLadRnv9KFgwSMh1ZbXoR/OBmPjeNMhFwU=",
        "owner": "nix-community",
        "repo": "naersk",
        "rev": "78789c30d64dea2396c9da516bbcc8db3a475207",
        "type": "github"
      },
      "original": {
        "owner": "nix-community",
        "repo": "naersk",
        "type": "github"
      }
    },
    "naersk_2": {
      "inputs": {
        "nixpkgs": "nixpkgs_3"
      },
      "locked": {
        "lastModified": 1692351612,
        "narHash": "sha256-KTGonidcdaLadRnv9KFgwSMh1ZbXoR/OBmPjeNMhFwU=",
        "owner": "nix-community",
        "repo": "naersk",
        "rev": "78789c30d64dea2396c9da516bbcc8db3a475207",
        "type": "github"
      },
      "original": {
        "owner": "nix-community",
        "repo": "naersk",
        "type": "github"
      }
    },
    "nixpkgs": {
      "locked": {
        "lastModified": 1692808169,
        "narHash": "sha256-x9Opq06rIiwdwGeK2Ykj69dNc2IvUH1fY55Wm7atwrE=",
        "owner": "NixOS",
        "repo": "nixpkgs",
        "rev": "9201b5ff357e781bf014d0330d18555695df7ba8",
        "type": "github"
      },
      "original": {
        "id": "nixpkgs",
        "type": "indirect"
      }
    },
    "nixpkgs_2": {
      "locked": {
        "lastModified": 1692808169,
        "narHash": "sha256-x9Opq06rIiwdwGeK2Ykj69dNc2IvUH1fY55Wm7atwrE=",
        "owner": "NixOS",
        "repo": "nixpkgs",
        "rev": "9201b5ff357e781bf014d0330d18555695df7ba8",
        "type": "github"
      },
      "original": {
        "owner": "NixOS",
        "ref": "nixpkgs-unstable",
        "repo": "nixpkgs",
        "type": "github"
      }
    },
    "nixpkgs_3": {
      "locked": {
        "lastModified": 1692808169,
        "narHash": "sha256-x9Opq06rIiwdwGeK2Ykj69dNc2IvUH1fY55Wm7atwrE=",
        "owner": "NixOS",
        "repo": "nixpkgs",
        "rev": "9201b5ff357e781bf014d0330d18555695df7ba8",
        "type": "github"
      },
      "original": {
        "id": "nixpkgs",
        "type": "indirect"
      }
    },
    "nixpkgs_4": {
      "locked": {
        "lastModified": 1692808169,
        "narHash": "sha256-x9Opq06rIiwdwGeK2Ykj69dNc2IvUH1fY55Wm7atwrE=",
        "owner": "NixOS",
        "repo": "nixpkgs",
        "rev": "9201b5ff357e781bf014d0330d18555695df7ba8",
        "type": "github"
      },
      "original": {
        "owner": "NixOS",
        "ref": "nixpkgs-unstable",
        "repo": "nixpkgs",
        "type": "github"
      }
    },
    "nixpkgs_5": {
      "locked": {
        "lastModified": 1708935655,
        "narHash": "sha256-Wp6OjQbrzMo2pDpjpZ7LTvUjpuzx1tnB+XW3AWRjf0I=",
        "owner": "nixos",
        "repo": "nixpkgs",
        "rev": "51c9129bcf61f8c7341c575d095c4224f48bdc53",
        "type": "github"
      },
      "original": {
        "owner": "nixos",
        "repo": "nixpkgs",
        "type": "github"
      }
    },
    "root": {
      "inputs": {
        "fenix": "fenix",
        "flake-utils": "flake-utils",
        "hyperlink": "hyperlink",
        "mdbook-footnote": "mdbook-footnote",
        "nixpkgs": "nixpkgs_5"
      }
    },
    "rust-analyzer-src": {
      "flake": false,
      "locked": {
        "lastModified": 1708878562,
        "narHash": "sha256-IBHMNEe3lspVdIzjpM2OVZiBFmFw1DKtdgVN5G41pRc=",
        "owner": "rust-lang",
        "repo": "rust-analyzer",
        "rev": "5346002d07d09badaf37949bec68012d963d61fc",
        "type": "github"
      },
      "original": {
        "owner": "rust-lang",
        "ref": "nightly",
        "repo": "rust-analyzer",
        "type": "github"
      }
    },
    "systems": {
      "locked": {
        "lastModified": 1681028828,
        "narHash": "sha256-Vy1rq5AaRuLzOxct8nz4T6wlgyUR7zLU309k9mBC768=",
        "owner": "nix-systems",
        "repo": "default",
        "rev": "da67096a3b9bf56a91d16901293e51ba5b49a27e",
        "type": "github"
      },
      "original": {
        "owner": "nix-systems",
        "repo": "default",
        "type": "github"
      }
    },
    "systems_2": {
      "locked": {
        "lastModified": 1681028828,
        "narHash": "sha256-Vy1rq5AaRuLzOxct8nz4T6wlgyUR7zLU309k9mBC768=",
        "owner": "nix-systems",
        "repo": "default",
        "rev": "da67096a3b9bf56a91d16901293e51ba5b49a27e",
        "type": "github"
      },
      "original": {
        "owner": "nix-systems",
        "repo": "default",
        "type": "github"
      }
    },
    "systems_3": {
      "locked": {
        "lastModified": 1681028828,
        "narHash": "sha256-Vy1rq5AaRuLzOxct8nz4T6wlgyUR7zLU309k9mBC768=",
        "owner": "nix-systems",
        "repo": "default",
        "rev": "da67096a3b9bf56a91d16901293e51ba5b49a27e",
        "type": "github"
      },
      "original": {
        "owner": "nix-systems",
        "repo": "default",
        "type": "github"
      }
    }
  },
  "root": "root",
  "version": 7
}
