version = 1
revision = 2
requires-python = ">=3.9"

[[package]]
name = "colorama"
version = "0.4.6"
source = { registry = "https://pypi.org/simple" }
sdist = { url = "https://files.pythonhosted.org/packages/d8/53/6f443c9a4a8358a93a6792e2acffb9d9d5cb0a5cfd8802644b7b1c9a02e4/colorama-0.4.6.tar.gz", hash = "sha256:08695f5cb7ed6e0531a20572697297273c47b8cae5a63ffc6d6ed5c201be6e44", size = 27697, upload-time = "2022-10-25T02:36:22.414Z" }
wheels = [
    { url = "https://files.pythonhosted.org/packages/d1/d6/3965ed04c63042e047cb6a3e6ed1a63a35087b6a609aa3a15ed8ac56c221/colorama-0.4.6-py2.py3-none-any.whl", hash = "sha256:4f1d9991f5acc0ca119f9d443620b77f9d6b33703e51011c16baf57afb285fc6", size = 25335, upload-time = "2022-10-25T02:36:20.889Z" },
]

[[package]]
name = "exceptiongroup"
version = "1.3.0"
source = { registry = "https://pypi.org/simple" }
dependencies = [
    { name = "typing-extensions", marker = "python_full_version < '3.13'" },
]
sdist = { url = "https://files.pythonhosted.org/packages/0b/9f/a65090624ecf468cdca03533906e7c69ed7588582240cfe7cc9e770b50eb/exceptiongroup-1.3.0.tar.gz", hash = "sha256:b241f5885f560bc56a59ee63ca4c6a8bfa46ae4ad651af316d4e81817bb9fd88", size = 29749, upload-time = "2025-05-10T17:42:51.123Z" }
wheels = [
    { url = "https://files.pythonhosted.org/packages/36/f4/c6e662dade71f56cd2f3735141b265c3c79293c109549c1e6933b0651ffc/exceptiongroup-1.3.0-py3-none-any.whl", hash = "sha256:4d111e6e0c13d0644cad6ddaa7ed0261a0b36971f6d23e7ec9b4b9097da78a10", size = 16674, upload-time = "2025-05-10T17:42:49.33Z" },
]

[[package]]
name = "iniconfig"
version = "2.1.0"
source = { registry = "https://pypi.org/simple" }
sdist = { url = "https://files.pythonhosted.org/packages/f2/97/ebf4da567aa6827c909642694d71c9fcf53e5b504f2d96afea02718862f3/iniconfig-2.1.0.tar.gz", hash = "sha256:3abbd2e30b36733fee78f9c7f7308f2d0050e88f0087fd25c2645f63c773e1c7", size = 4793, upload-time = "2025-03-19T20:09:59.721Z" }
wheels = [
    { url = "https://files.pythonhosted.org/packages/2c/e1/e6716421ea10d38022b952c159d5161ca1193197fb744506875fbb87ea7b/iniconfig-2.1.0-py3-none-any.whl", hash = "sha256:9deba5723312380e77435581c6bf4935c94cbfab9b1ed33ef8d238ea168eb760", size = 6050, upload-time = "2025-03-19T20:10:01.071Z" },
]

[[package]]
name = "mypy"
version = "1.18.1"
source = { registry = "https://pypi.org/simple" }
dependencies = [
    { name = "mypy-extensions" },
    { name = "pathspec" },
    { name = "tomli", marker = "python_full_version < '3.11'" },
    { name = "typing-extensions" },
]
sdist = { url = "https://files.pythonhosted.org/packages/14/a3/931e09fc02d7ba96da65266884da4e4a8806adcdb8a57faaacc6edf1d538/mypy-1.18.1.tar.gz", hash = "sha256:9e988c64ad3ac5987f43f5154f884747faf62141b7f842e87465b45299eea5a9", size = 3448447, upload-time = "2025-09-11T23:00:47.067Z" }
wheels = [
    { url = "https://files.pythonhosted.org/packages/fc/06/29ea5a34c23938ae93bc0040eb2900eb3f0f2ef4448cc59af37ab3ddae73/mypy-1.18.1-cp310-cp310-macosx_10_9_x86_64.whl", hash = "sha256:2761b6ae22a2b7d8e8607fb9b81ae90bc2e95ec033fd18fa35e807af6c657763", size = 12811535, upload-time = "2025-09-11T22:58:55.399Z" },
    { url = "https://files.pythonhosted.org/packages/a8/40/04c38cb04fa9f1dc224b3e9634021a92c47b1569f1c87dfe6e63168883bb/mypy-1.18.1-cp310-cp310-macosx_11_0_arm64.whl", hash = "sha256:5b10e3ea7f2eec23b4929a3fabf84505da21034a4f4b9613cda81217e92b74f3", size = 11897559, upload-time = "2025-09-11T22:59:48.041Z" },
    { url = "https://files.pythonhosted.org/packages/46/bf/4c535bd45ea86cebbc1a3b6a781d442f53a4883f322ebd2d442db6444d0b/mypy-1.18.1-cp310-cp310-manylinux2014_aarch64.manylinux_2_17_aarch64.manylinux_2_28_aarch64.whl", hash = "sha256:261fbfced030228bc0f724d5d92f9ae69f46373bdfd0e04a533852677a11dbea", size = 12507430, upload-time = "2025-09-11T22:59:30.415Z" },
    { url = "https://files.pythonhosted.org/packages/e2/e1/cbefb16f2be078d09e28e0b9844e981afb41f6ffc85beb68b86c6976e641/mypy-1.18.1-cp310-cp310-manylinux2014_x86_64.manylinux_2_17_x86_64.manylinux_2_28_x86_64.whl", hash = "sha256:4dc6b34a1c6875e6286e27d836a35c0d04e8316beac4482d42cfea7ed2527df8", size = 13243717, upload-time = "2025-09-11T22:59:11.297Z" },
    { url = "https://files.pythonhosted.org/packages/65/e8/3e963da63176f16ca9caea7fa48f1bc8766de317cd961528c0391565fd47/mypy-1.18.1-cp310-cp310-musllinux_1_2_x86_64.whl", hash = "sha256:1cabb353194d2942522546501c0ff75c4043bf3b63069cb43274491b44b773c9", size = 13492052, upload-time = "2025-09-11T23:00:09.29Z" },
    { url = "https://files.pythonhosted.org/packages/4b/09/d5d70c252a3b5b7530662d145437bd1de15f39fa0b48a27ee4e57d254aa1/mypy-1.18.1-cp310-cp310-win_amd64.whl", hash = "sha256:738b171690c8e47c93569635ee8ec633d2cdb06062f510b853b5f233020569a9", size = 9765846, upload-time = "2025-09-11T22:58:26.198Z" },
    { url = "https://files.pythonhosted.org/packages/32/28/47709d5d9e7068b26c0d5189c8137c8783e81065ad1102b505214a08b548/mypy-1.18.1-cp311-cp311-macosx_10_9_x86_64.whl", hash = "sha256:6c903857b3e28fc5489e54042684a9509039ea0aedb2a619469438b544ae1961", size = 12734635, upload-time = "2025-09-11T23:00:24.983Z" },
    { url = "https://files.pythonhosted.org/packages/7c/12/ee5c243e52497d0e59316854041cf3b3130131b92266d0764aca4dec3c00/mypy-1.18.1-cp311-cp311-macosx_11_0_arm64.whl", hash = "sha256:2a0c8392c19934c2b6c65566d3a6abdc6b51d5da7f5d04e43f0eb627d6eeee65", size = 11817287, upload-time = "2025-09-11T22:59:07.38Z" },
    { url = "https://files.pythonhosted.org/packages/48/bd/2aeb950151005fe708ab59725afed7c4aeeb96daf844f86a05d4b8ac34f8/mypy-1.18.1-cp311-cp311-manylinux2014_aarch64.manylinux_2_17_aarch64.manylinux_2_28_aarch64.whl", hash = "sha256:f85eb7efa2ec73ef63fc23b8af89c2fe5bf2a4ad985ed2d3ff28c1bb3c317c92", size = 12430464, upload-time = "2025-09-11T22:58:48.084Z" },
    { url = "https://files.pythonhosted.org/packages/71/e8/7a20407aafb488acb5734ad7fb5e8c2ef78d292ca2674335350fa8ebef67/mypy-1.18.1-cp311-cp311-manylinux2014_x86_64.manylinux_2_17_x86_64.manylinux_2_28_x86_64.whl", hash = "sha256:82ace21edf7ba8af31c3308a61dc72df30500f4dbb26f99ac36b4b80809d7e94", size = 13164555, upload-time = "2025-09-11T23:00:13.803Z" },
    { url = "https://files.pythonhosted.org/packages/e8/c9/5f39065252e033b60f397096f538fb57c1d9fd70a7a490f314df20dd9d64/mypy-1.18.1-cp311-cp311-musllinux_1_2_x86_64.whl", hash = "sha256:a2dfd53dfe632f1ef5d161150a4b1f2d0786746ae02950eb3ac108964ee2975a", size = 13359222, upload-time = "2025-09-11T23:00:33.469Z" },
    { url = "https://files.pythonhosted.org/packages/85/b6/d54111ef3c1e55992cd2ec9b8b6ce9c72a407423e93132cae209f7e7ba60/mypy-1.18.1-cp311-cp311-win_amd64.whl", hash = "sha256:320f0ad4205eefcb0e1a72428dde0ad10be73da9f92e793c36228e8ebf7298c0", size = 9760441, upload-time = "2025-09-11T23:00:44.826Z" },
    { url = "https://files.pythonhosted.org/packages/e7/14/1c3f54d606cb88a55d1567153ef3a8bc7b74702f2ff5eb64d0994f9e49cb/mypy-1.18.1-cp312-cp312-macosx_10_13_x86_64.whl", hash = "sha256:502cde8896be8e638588b90fdcb4c5d5b8c1b004dfc63fd5604a973547367bb9", size = 12911082, upload-time = "2025-09-11T23:00:41.465Z" },
    { url = "https://files.pythonhosted.org/packages/90/83/235606c8b6d50a8eba99773add907ce1d41c068edb523f81eb0d01603a83/mypy-1.18.1-cp312-cp312-macosx_11_0_arm64.whl", hash = "sha256:7509549b5e41be279afc1228242d0e397f1af2919a8f2877ad542b199dc4083e", size = 11919107, upload-time = "2025-09-11T22:58:40.903Z" },
    { url = "https://files.pythonhosted.org/packages/ca/25/4e2ce00f8d15b99d0c68a2536ad63e9eac033f723439ef80290ec32c1ff5/mypy-1.18.1-cp312-cp312-manylinux2014_aarch64.manylinux_2_17_aarch64.manylinux_2_28_aarch64.whl", hash = "sha256:5956ecaabb3a245e3f34100172abca1507be687377fe20e24d6a7557e07080e2", size = 12472551, upload-time = "2025-09-11T22:58:37.272Z" },
    { url = "https://files.pythonhosted.org/packages/32/bb/92642a9350fc339dd9dcefcf6862d171b52294af107d521dce075f32f298/mypy-1.18.1-cp312-cp312-manylinux2014_x86_64.manylinux_2_17_x86_64.manylinux_2_28_x86_64.whl", hash = "sha256:8750ceb014a96c9890421c83f0db53b0f3b8633e2864c6f9bc0a8e93951ed18d", size = 13340554, upload-time = "2025-09-11T22:59:38.756Z" },
    { url = "https://files.pythonhosted.org/packages/cd/ee/38d01db91c198fb6350025d28f9719ecf3c8f2c55a0094bfbf3ef478cc9a/mypy-1.18.1-cp312-cp312-musllinux_1_2_x86_64.whl", hash = "sha256:fb89ea08ff41adf59476b235293679a6eb53a7b9400f6256272fb6029bec3ce5", size = 13530933, upload-time = "2025-09-11T22:59:20.228Z" },
    { url = "https://files.pythonhosted.org/packages/da/8d/6d991ae631f80d58edbf9d7066e3f2a96e479dca955d9a968cd6e90850a3/mypy-1.18.1-cp312-cp312-win_amd64.whl", hash = "sha256:2657654d82fcd2a87e02a33e0d23001789a554059bbf34702d623dafe353eabf", size = 9828426, upload-time = "2025-09-11T23:00:21.007Z" },
    { url = "https://files.pythonhosted.org/packages/e4/ec/ef4a7260e1460a3071628a9277a7579e7da1b071bc134ebe909323f2fbc7/mypy-1.18.1-cp313-cp313-macosx_10_13_x86_64.whl", hash = "sha256:d70d2b5baf9b9a20bc9c730015615ae3243ef47fb4a58ad7b31c3e0a59b5ef1f", size = 12918671, upload-time = "2025-09-11T22:58:29.814Z" },
    { url = "https://files.pythonhosted.org/packages/a1/82/0ea6c3953f16223f0b8eda40c1aeac6bd266d15f4902556ae6e91f6fca4c/mypy-1.18.1-cp313-cp313-macosx_11_0_arm64.whl", hash = "sha256:b8367e33506300f07a43012fc546402f283c3f8bcff1dc338636affb710154ce", size = 11913023, upload-time = "2025-09-11T23:00:29.049Z" },
    { url = "https://files.pythonhosted.org/packages/ae/ef/5e2057e692c2690fc27b3ed0a4dbde4388330c32e2576a23f0302bc8358d/mypy-1.18.1-cp313-cp313-manylinux2014_aarch64.manylinux_2_17_aarch64.manylinux_2_28_aarch64.whl", hash = "sha256:913f668ec50c3337b89df22f973c1c8f0b29ee9e290a8b7fe01cc1ef7446d42e", size = 12473355, upload-time = "2025-09-11T23:00:04.544Z" },
    { url = "https://files.pythonhosted.org/packages/98/43/b7e429fc4be10e390a167b0cd1810d41cb4e4add4ae50bab96faff695a3b/mypy-1.18.1-cp313-cp313-manylinux2014_x86_64.manylinux_2_17_x86_64.manylinux_2_28_x86_64.whl", hash = "sha256:1a0e70b87eb27b33209fa4792b051c6947976f6ab829daa83819df5f58330c71", size = 13346944, upload-time = "2025-09-11T22:58:23.024Z" },
    { url = "https://files.pythonhosted.org/packages/89/4e/899dba0bfe36bbd5b7c52e597de4cf47b5053d337b6d201a30e3798e77a6/mypy-1.18.1-cp313-cp313-musllinux_1_2_x86_64.whl", hash = "sha256:c378d946e8a60be6b6ede48c878d145546fb42aad61df998c056ec151bf6c746", size = 13512574, upload-time = "2025-09-11T22:59:52.152Z" },
    { url = "https://files.pythonhosted.org/packages/f5/f8/7661021a5b0e501b76440454d786b0f01bb05d5c4b125fcbda02023d0250/mypy-1.18.1-cp313-cp313-win_amd64.whl", hash = "sha256:2cd2c1e0f3a7465f22731987fff6fc427e3dcbb4ca5f7db5bbeaff2ff9a31f6d", size = 9837684, upload-time = "2025-09-11T22:58:44.454Z" },
    { url = "https://files.pythonhosted.org/packages/bf/87/7b173981466219eccc64c107cf8e5ab9eb39cc304b4c07df8e7881533e4f/mypy-1.18.1-cp314-cp314-macosx_10_13_x86_64.whl", hash = "sha256:ba24603c58e34dd5b096dfad792d87b304fc6470cbb1c22fd64e7ebd17edcc61", size = 12900265, upload-time = "2025-09-11T22:59:03.4Z" },
    { url = "https://files.pythonhosted.org/packages/ae/cc/b10e65bae75b18a5ac8f81b1e8e5867677e418f0dd2c83b8e2de9ba96ebd/mypy-1.18.1-cp314-cp314-macosx_11_0_arm64.whl", hash = "sha256:ed36662fb92ae4cb3cacc682ec6656208f323bbc23d4b08d091eecfc0863d4b5", size = 11942890, upload-time = "2025-09-11T23:00:00.607Z" },
    { url = "https://files.pythonhosted.org/packages/39/d4/aeefa07c44d09f4c2102e525e2031bc066d12e5351f66b8a83719671004d/mypy-1.18.1-cp314-cp314-manylinux2014_aarch64.manylinux_2_17_aarch64.manylinux_2_28_aarch64.whl", hash = "sha256:040ecc95e026f71a9ad7956fea2724466602b561e6a25c2e5584160d3833aaa8", size = 12472291, upload-time = "2025-09-11T22:59:43.425Z" },
    { url = "https://files.pythonhosted.org/packages/c6/07/711e78668ff8e365f8c19735594ea95938bff3639a4c46a905e3ed8ff2d6/mypy-1.18.1-cp314-cp314-manylinux2014_x86_64.manylinux_2_17_x86_64.manylinux_2_28_x86_64.whl", hash = "sha256:937e3ed86cb731276706e46e03512547e43c391a13f363e08d0fee49a7c38a0d", size = 13318610, upload-time = "2025-09-11T23:00:17.604Z" },
    { url = "https://files.pythonhosted.org/packages/ca/85/df3b2d39339c31d360ce299b418c55e8194ef3205284739b64962f6074e7/mypy-1.18.1-cp314-cp314-musllinux_1_2_x86_64.whl", hash = "sha256:1f95cc4f01c0f1701ca3b0355792bccec13ecb2ec1c469e5b85a6ef398398b1d", size = 13513697, upload-time = "2025-09-11T22:58:59.534Z" },
    { url = "https://files.pythonhosted.org/packages/b1/df/462866163c99ea73bb28f0eb4d415c087e30de5d36ee0f5429d42e28689b/mypy-1.18.1-cp314-cp314-win_amd64.whl", hash = "sha256:e4f16c0019d48941220ac60b893615be2f63afedaba6a0801bdcd041b96991ce", size = 9985739, upload-time = "2025-09-11T22:58:51.644Z" },
    { url = "https://files.pythonhosted.org/packages/64/1a/9005d78ffedaac58b3ee3a44d53a65b09ac1d27c36a00ade849015b8e014/mypy-1.18.1-cp39-cp39-macosx_10_9_x86_64.whl", hash = "sha256:e37763af63a8018308859bc83d9063c501a5820ec5bd4a19f0a2ac0d1c25c061", size = 12809347, upload-time = "2025-09-11T22:59:15.468Z" },
    { url = "https://files.pythonhosted.org/packages/46/b3/c932216b281f7c223a2c8b98b9c8e1eb5bea1650c11317ac778cfc3778e4/mypy-1.18.1-cp39-cp39-macosx_11_0_arm64.whl", hash = "sha256:51531b6e94f34b8bd8b01dee52bbcee80daeac45e69ec5c36e25bce51cbc46e6", size = 11899906, upload-time = "2025-09-11T22:59:56.473Z" },
    { url = "https://files.pythonhosted.org/packages/30/6b/542daf553f97275677c35d183404d1d83b64cea315f452195c5a5782a225/mypy-1.18.1-cp39-cp39-manylinux2014_aarch64.manylinux_2_17_aarch64.manylinux_2_28_aarch64.whl", hash = "sha256:dbfdea20e90e9c5476cea80cfd264d8e197c6ef2c58483931db2eefb2f7adc14", size = 12504415, upload-time = "2025-09-11T23:00:37.332Z" },
    { url = "https://files.pythonhosted.org/packages/37/d3/061d0d861377ea3fdb03784d11260bfa2adbb4eeeb24b63bd1eea7b6080c/mypy-1.18.1-cp39-cp39-manylinux2014_x86_64.manylinux_2_17_x86_64.manylinux_2_28_x86_64.whl", hash = "sha256:99f272c9b59f5826fffa439575716276d19cbf9654abc84a2ba2d77090a0ba14", size = 13243466, upload-time = "2025-09-11T22:58:18.562Z" },
    { url = "https://files.pythonhosted.org/packages/7d/5e/6e88a79bdfec8d01ba374c391150c94f6c74545bdc37bdc490a7f30c5095/mypy-1.18.1-cp39-cp39-musllinux_1_2_x86_64.whl", hash = "sha256:8c05a7f8c00300a52f3a4fcc95a185e99bf944d7e851ff141bae8dcf6dcfeac4", size = 13493539, upload-time = "2025-09-11T22:59:24.479Z" },
    { url = "https://files.pythonhosted.org/packages/92/5a/a14a82e44ed76998d73a070723b6584963fdb62f597d373c8b22c3a3da3d/mypy-1.18.1-cp39-cp39-win_amd64.whl", hash = "sha256:2fbcecbe5cf213ba294aa8c0b8c104400bf7bb64db82fb34fe32a205da4b3531", size = 9764809, upload-time = "2025-09-11T22:58:33.133Z" },
    { url = "https://files.pythonhosted.org/packages/e0/1d/4b97d3089b48ef3d904c9ca69fab044475bd03245d878f5f0b3ea1daf7ce/mypy-1.18.1-py3-none-any.whl", hash = "sha256:b76a4de66a0ac01da1be14ecc8ae88ddea33b8380284a9e3eae39d57ebcbe26e", size = 2352212, upload-time = "2025-09-11T22:59:26.576Z" },
]

[[package]]
name = "mypy-extensions"
version = "1.1.0"
source = { registry = "https://pypi.org/simple" }
sdist = { url = "https://files.pythonhosted.org/packages/a2/6e/371856a3fb9d31ca8dac321cda606860fa4548858c0cc45d9d1d4ca2628b/mypy_extensions-1.1.0.tar.gz", hash = "sha256:52e68efc3284861e772bbcd66823fde5ae21fd2fdb51c62a211403730b916558", size = 6343, upload-time = "2025-04-22T14:54:24.164Z" }
wheels = [
    { url = "https://files.pythonhosted.org/packages/79/7b/2c79738432f5c924bef5071f933bcc9efd0473bac3b4aa584a6f7c1c8df8/mypy_extensions-1.1.0-py3-none-any.whl", hash = "sha256:1be4cccdb0f2482337c4743e60421de3a356cd97508abadd57d47403e94f5505", size = 4963, upload-time = "2025-04-22T14:54:22.983Z" },
]

[[package]]
name = "packaging"
version = "25.0"
source = { registry = "https://pypi.org/simple" }
sdist = { url = "https://files.pythonhosted.org/packages/a1/d4/1fc4078c65507b51b96ca8f8c3ba19e6a61c8253c72794544580a7b6c24d/packaging-25.0.tar.gz", hash = "sha256:d443872c98d677bf60f6a1f2f8c1cb748e8fe762d2bf9d3148b5599295b0fc4f", size = 165727, upload-time = "2025-04-19T11:48:59.673Z" }
wheels = [
    { url = "https://files.pythonhosted.org/packages/20/12/38679034af332785aac8774540895e234f4d07f7545804097de4b666afd8/packaging-25.0-py3-none-any.whl", hash = "sha256:29572ef2b1f17581046b3a2227d5c611fb25ec70ca1ba8554b24b0e69331a484", size = 66469, upload-time = "2025-04-19T11:48:57.875Z" },
]

[[package]]
name = "pathspec"
version = "0.12.1"
source = { registry = "https://pypi.org/simple" }
sdist = { url = "https://files.pythonhosted.org/packages/ca/bc/f35b8446f4531a7cb215605d100cd88b7ac6f44ab3fc94870c120ab3adbf/pathspec-0.12.1.tar.gz", hash = "sha256:a482d51503a1ab33b1c67a6c3813a26953dbdc71c31dacaef9a838c4e29f5712", size = 51043, upload-time = "2023-12-10T22:30:45Z" }
wheels = [
    { url = "https://files.pythonhosted.org/packages/cc/20/ff623b09d963f88bfde16306a54e12ee5ea43e9b597108672ff3a408aad6/pathspec-0.12.1-py3-none-any.whl", hash = "sha256:a0d503e138a4c123b27490a4f7beda6a01c6f288df0e4a8b79c7eb0dc7b4cc08", size = 31191, upload-time = "2023-12-10T22:30:43.14Z" },
]

[[package]]
name = "pluggy"
version = "1.6.0"
source = { registry = "https://pypi.org/simple" }
sdist = { url = "https://files.pythonhosted.org/packages/f9/e2/3e91f31a7d2b083fe6ef3fa267035b518369d9511ffab804f839851d2779/pluggy-1.6.0.tar.gz", hash = "sha256:7dcc130b76258d33b90f61b658791dede3486c3e6bfb003ee5c9bfb396dd22f3", size = 69412, upload-time = "2025-05-15T12:30:07.975Z" }
wheels = [
    { url = "https://files.pythonhosted.org/packages/54/20/4d324d65cc6d9205fabedc306948156824eb9f0ee1633355a8f7ec5c66bf/pluggy-1.6.0-py3-none-any.whl", hash = "sha256:e920276dd6813095e9377c0bc5566d94c932c33b27a3e3945d8389c374dd4746", size = 20538, upload-time = "2025-05-15T12:30:06.134Z" },
]

[[package]]
name = "prqlc"
source = { editable = "." }

[package.dev-dependencies]
dev = [
    { name = "mypy" },
    { name = "pytest" },
]

[package.metadata]

[package.metadata.requires-dev]
dev = [
    { name = "mypy", specifier = "==1.18.1" },
    { name = "pytest", specifier = ">=7" },
]

[[package]]
name = "pygments"
version = "2.19.2"
source = { registry = "https://pypi.org/simple" }
sdist = { url = "https://files.pythonhosted.org/packages/b0/77/a5b8c569bf593b0140bde72ea885a803b82086995367bf2037de0159d924/pygments-2.19.2.tar.gz", hash = "sha256:636cb2477cec7f8952536970bc533bc43743542f70392ae026374600add5b887", size = 4968631, upload-time = "2025-06-21T13:39:12.283Z" }
wheels = [
    { url = "https://files.pythonhosted.org/packages/c7/21/705964c7812476f378728bdf590ca4b771ec72385c533964653c68e86bdc/pygments-2.19.2-py3-none-any.whl", hash = "sha256:86540386c03d588bb81d44bc3928634ff26449851e99741617ecb9037ee5ec0b", size = 1225217, upload-time = "2025-06-21T13:39:07.939Z" },
]

[[package]]
name = "pytest"
version = "8.4.2"
source = { registry = "https://pypi.org/simple" }
dependencies = [
    { name = "colorama", marker = "sys_platform == 'win32'" },
    { name = "exceptiongroup", marker = "python_full_version < '3.11'" },
    { name = "iniconfig" },
    { name = "packaging" },
    { name = "pluggy" },
    { name = "pygments" },
    { name = "tomli", marker = "python_full_version < '3.11'" },
]
sdist = { url = "https://files.pythonhosted.org/packages/a3/5c/00a0e072241553e1a7496d638deababa67c5058571567b92a7eaa258397c/pytest-8.4.2.tar.gz", hash = "sha256:86c0d0b93306b961d58d62a4db4879f27fe25513d4b969df351abdddb3c30e01", size = 1519618, upload-time = "2025-09-04T14:34:22.711Z" }
wheels = [
    { url = "https://files.pythonhosted.org/packages/a8/a4/20da314d277121d6534b3a980b29035dcd51e6744bd79075a6ce8fa4eb8d/pytest-8.4.2-py3-none-any.whl", hash = "sha256:872f880de3fc3a5bdc88a11b39c9710c3497a547cfa9320bc3c5e62fbf272e79", size = 365750, upload-time = "2025-09-04T14:34:20.226Z" },
]

[[package]]
name = "tomli"
version = "2.2.1"
source = { registry = "https://pypi.org/simple" }
sdist = { url = "https://files.pythonhosted.org/packages/18/87/302344fed471e44a87289cf4967697d07e532f2421fdaf868a303cbae4ff/tomli-2.2.1.tar.gz", hash = "sha256:cd45e1dc79c835ce60f7404ec8119f2eb06d38b1deba146f07ced3bbc44505ff", size = 17175, upload-time = "2024-11-27T22:38:36.873Z" }
wheels = [
    { url = "https://files.pythonhosted.org/packages/43/ca/75707e6efa2b37c77dadb324ae7d9571cb424e61ea73fad7c56c2d14527f/tomli-2.2.1-cp311-cp311-macosx_10_9_x86_64.whl", hash = "sha256:678e4fa69e4575eb77d103de3df8a895e1591b48e740211bd1067378c69e8249", size = 131077, upload-time = "2024-11-27T22:37:54.956Z" },
    { url = "https://files.pythonhosted.org/packages/c7/16/51ae563a8615d472fdbffc43a3f3d46588c264ac4f024f63f01283becfbb/tomli-2.2.1-cp311-cp311-macosx_11_0_arm64.whl", hash = "sha256:023aa114dd824ade0100497eb2318602af309e5a55595f76b626d6d9f3b7b0a6", size = 123429, upload-time = "2024-11-27T22:37:56.698Z" },
    { url = "https://files.pythonhosted.org/packages/f1/dd/4f6cd1e7b160041db83c694abc78e100473c15d54620083dbd5aae7b990e/tomli-2.2.1-cp311-cp311-manylinux_2_17_aarch64.manylinux2014_aarch64.whl", hash = "sha256:ece47d672db52ac607a3d9599a9d48dcb2f2f735c6c2d1f34130085bb12b112a", size = 226067, upload-time = "2024-11-27T22:37:57.63Z" },
    { url = "https://files.pythonhosted.org/packages/a9/6b/c54ede5dc70d648cc6361eaf429304b02f2871a345bbdd51e993d6cdf550/tomli-2.2.1-cp311-cp311-manylinux_2_17_x86_64.manylinux2014_x86_64.whl", hash = "sha256:6972ca9c9cc9f0acaa56a8ca1ff51e7af152a9f87fb64623e31d5c83700080ee", size = 236030, upload-time = "2024-11-27T22:37:59.344Z" },
    { url = "https://files.pythonhosted.org/packages/1f/47/999514fa49cfaf7a92c805a86c3c43f4215621855d151b61c602abb38091/tomli-2.2.1-cp311-cp311-manylinux_2_5_i686.manylinux1_i686.manylinux_2_17_i686.manylinux2014_i686.whl", hash = "sha256:c954d2250168d28797dd4e3ac5cf812a406cd5a92674ee4c8f123c889786aa8e", size = 240898, upload-time = "2024-11-27T22:38:00.429Z" },
    { url = "https://files.pythonhosted.org/packages/73/41/0a01279a7ae09ee1573b423318e7934674ce06eb33f50936655071d81a24/tomli-2.2.1-cp311-cp311-musllinux_1_2_aarch64.whl", hash = "sha256:8dd28b3e155b80f4d54beb40a441d366adcfe740969820caf156c019fb5c7ec4", size = 229894, upload-time = "2024-11-27T22:38:02.094Z" },
    { url = "https://files.pythonhosted.org/packages/55/18/5d8bc5b0a0362311ce4d18830a5d28943667599a60d20118074ea1b01bb7/tomli-2.2.1-cp311-cp311-musllinux_1_2_i686.whl", hash = "sha256:e59e304978767a54663af13c07b3d1af22ddee3bb2fb0618ca1593e4f593a106", size = 245319, upload-time = "2024-11-27T22:38:03.206Z" },
    { url = "https://files.pythonhosted.org/packages/92/a3/7ade0576d17f3cdf5ff44d61390d4b3febb8a9fc2b480c75c47ea048c646/tomli-2.2.1-cp311-cp311-musllinux_1_2_x86_64.whl", hash = "sha256:33580bccab0338d00994d7f16f4c4ec25b776af3ffaac1ed74e0b3fc95e885a8", size = 238273, upload-time = "2024-11-27T22:38:04.217Z" },
    { url = "https://files.pythonhosted.org/packages/72/6f/fa64ef058ac1446a1e51110c375339b3ec6be245af9d14c87c4a6412dd32/tomli-2.2.1-cp311-cp311-win32.whl", hash = "sha256:465af0e0875402f1d226519c9904f37254b3045fc5084697cefb9bdde1ff99ff", size = 98310, upload-time = "2024-11-27T22:38:05.908Z" },
    { url = "https://files.pythonhosted.org/packages/6a/1c/4a2dcde4a51b81be3530565e92eda625d94dafb46dbeb15069df4caffc34/tomli-2.2.1-cp311-cp311-win_amd64.whl", hash = "sha256:2d0f2fdd22b02c6d81637a3c95f8cd77f995846af7414c5c4b8d0545afa1bc4b", size = 108309, upload-time = "2024-11-27T22:38:06.812Z" },
    { url = "https://files.pythonhosted.org/packages/52/e1/f8af4c2fcde17500422858155aeb0d7e93477a0d59a98e56cbfe75070fd0/tomli-2.2.1-cp312-cp312-macosx_10_13_x86_64.whl", hash = "sha256:4a8f6e44de52d5e6c657c9fe83b562f5f4256d8ebbfe4ff922c495620a7f6cea", size = 132762, upload-time = "2024-11-27T22:38:07.731Z" },
    { url = "https://files.pythonhosted.org/packages/03/b8/152c68bb84fc00396b83e7bbddd5ec0bd3dd409db4195e2a9b3e398ad2e3/tomli-2.2.1-cp312-cp312-macosx_11_0_arm64.whl", hash = "sha256:8d57ca8095a641b8237d5b079147646153d22552f1c637fd3ba7f4b0b29167a8", size = 123453, upload-time = "2024-11-27T22:38:09.384Z" },
    { url = "https://files.pythonhosted.org/packages/c8/d6/fc9267af9166f79ac528ff7e8c55c8181ded34eb4b0e93daa767b8841573/tomli-2.2.1-cp312-cp312-manylinux_2_17_aarch64.manylinux2014_aarch64.whl", hash = "sha256:4e340144ad7ae1533cb897d406382b4b6fede8890a03738ff1683af800d54192", size = 233486, upload-time = "2024-11-27T22:38:10.329Z" },
    { url = "https://files.pythonhosted.org/packages/5c/51/51c3f2884d7bab89af25f678447ea7d297b53b5a3b5730a7cb2ef6069f07/tomli-2.2.1-cp312-cp312-manylinux_2_17_x86_64.manylinux2014_x86_64.whl", hash = "sha256:db2b95f9de79181805df90bedc5a5ab4c165e6ec3fe99f970d0e302f384ad222", size = 242349, upload-time = "2024-11-27T22:38:11.443Z" },
    { url = "https://files.pythonhosted.org/packages/ab/df/bfa89627d13a5cc22402e441e8a931ef2108403db390ff3345c05253935e/tomli-2.2.1-cp312-cp312-manylinux_2_5_i686.manylinux1_i686.manylinux_2_17_i686.manylinux2014_i686.whl", hash = "sha256:40741994320b232529c802f8bc86da4e1aa9f413db394617b9a256ae0f9a7f77", size = 252159, upload-time = "2024-11-27T22:38:13.099Z" },
    { url = "https://files.pythonhosted.org/packages/9e/6e/fa2b916dced65763a5168c6ccb91066f7639bdc88b48adda990db10c8c0b/tomli-2.2.1-cp312-cp312-musllinux_1_2_aarch64.whl", hash = "sha256:400e720fe168c0f8521520190686ef8ef033fb19fc493da09779e592861b78c6", size = 237243, upload-time = "2024-11-27T22:38:14.766Z" },
    { url = "https://files.pythonhosted.org/packages/b4/04/885d3b1f650e1153cbb93a6a9782c58a972b94ea4483ae4ac5cedd5e4a09/tomli-2.2.1-cp312-cp312-musllinux_1_2_i686.whl", hash = "sha256:02abe224de6ae62c19f090f68da4e27b10af2b93213d36cf44e6e1c5abd19fdd", size = 259645, upload-time = "2024-11-27T22:38:15.843Z" },
    { url = "https://files.pythonhosted.org/packages/9c/de/6b432d66e986e501586da298e28ebeefd3edc2c780f3ad73d22566034239/tomli-2.2.1-cp312-cp312-musllinux_1_2_x86_64.whl", hash = "sha256:b82ebccc8c8a36f2094e969560a1b836758481f3dc360ce9a3277c65f374285e", size = 244584, upload-time = "2024-11-27T22:38:17.645Z" },
    { url = "https://files.pythonhosted.org/packages/1c/9a/47c0449b98e6e7d1be6cbac02f93dd79003234ddc4aaab6ba07a9a7482e2/tomli-2.2.1-cp312-cp312-win32.whl", hash = "sha256:889f80ef92701b9dbb224e49ec87c645ce5df3fa2cc548664eb8a25e03127a98", size = 98875, upload-time = "2024-11-27T22:38:19.159Z" },
    { url = "https://files.pythonhosted.org/packages/ef/60/9b9638f081c6f1261e2688bd487625cd1e660d0a85bd469e91d8db969734/tomli-2.2.1-cp312-cp312-win_amd64.whl", hash = "sha256:7fc04e92e1d624a4a63c76474610238576942d6b8950a2d7f908a340494e67e4", size = 109418, upload-time = "2024-11-27T22:38:20.064Z" },
    { url = "https://files.pythonhosted.org/packages/04/90/2ee5f2e0362cb8a0b6499dc44f4d7d48f8fff06d28ba46e6f1eaa61a1388/tomli-2.2.1-cp313-cp313-macosx_10_13_x86_64.whl", hash = "sha256:f4039b9cbc3048b2416cc57ab3bda989a6fcf9b36cf8937f01a6e731b64f80d7", size = 132708, upload-time = "2024-11-27T22:38:21.659Z" },
    { url = "https://files.pythonhosted.org/packages/c0/ec/46b4108816de6b385141f082ba99e315501ccd0a2ea23db4a100dd3990ea/tomli-2.2.1-cp313-cp313-macosx_11_0_arm64.whl", hash = "sha256:286f0ca2ffeeb5b9bd4fcc8d6c330534323ec51b2f52da063b11c502da16f30c", size = 123582, upload-time = "2024-11-27T22:38:22.693Z" },
    { url = "https://files.pythonhosted.org/packages/a0/bd/b470466d0137b37b68d24556c38a0cc819e8febe392d5b199dcd7f578365/tomli-2.2.1-cp313-cp313-manylinux_2_17_aarch64.manylinux2014_aarch64.whl", hash = "sha256:a92ef1a44547e894e2a17d24e7557a5e85a9e1d0048b0b5e7541f76c5032cb13", size = 232543, upload-time = "2024-11-27T22:38:24.367Z" },
    { url = "https://files.pythonhosted.org/packages/d9/e5/82e80ff3b751373f7cead2815bcbe2d51c895b3c990686741a8e56ec42ab/tomli-2.2.1-cp313-cp313-manylinux_2_17_x86_64.manylinux2014_x86_64.whl", hash = "sha256:9316dc65bed1684c9a98ee68759ceaed29d229e985297003e494aa825ebb0281", size = 241691, upload-time = "2024-11-27T22:38:26.081Z" },
    { url = "https://files.pythonhosted.org/packages/05/7e/2a110bc2713557d6a1bfb06af23dd01e7dde52b6ee7dadc589868f9abfac/tomli-2.2.1-cp313-cp313-manylinux_2_5_i686.manylinux1_i686.manylinux_2_17_i686.manylinux2014_i686.whl", hash = "sha256:e85e99945e688e32d5a35c1ff38ed0b3f41f43fad8df0bdf79f72b2ba7bc5272", size = 251170, upload-time = "2024-11-27T22:38:27.921Z" },
    { url = "https://files.pythonhosted.org/packages/64/7b/22d713946efe00e0adbcdfd6d1aa119ae03fd0b60ebed51ebb3fa9f5a2e5/tomli-2.2.1-cp313-cp313-musllinux_1_2_aarch64.whl", hash = "sha256:ac065718db92ca818f8d6141b5f66369833d4a80a9d74435a268c52bdfa73140", size = 236530, upload-time = "2024-11-27T22:38:29.591Z" },
    { url = "https://files.pythonhosted.org/packages/38/31/3a76f67da4b0cf37b742ca76beaf819dca0ebef26d78fc794a576e08accf/tomli-2.2.1-cp313-cp313-musllinux_1_2_i686.whl", hash = "sha256:d920f33822747519673ee656a4b6ac33e382eca9d331c87770faa3eef562aeb2", size = 258666, upload-time = "2024-11-27T22:38:30.639Z" },
    { url = "https://files.pythonhosted.org/packages/07/10/5af1293da642aded87e8a988753945d0cf7e00a9452d3911dd3bb354c9e2/tomli-2.2.1-cp313-cp313-musllinux_1_2_x86_64.whl", hash = "sha256:a198f10c4d1b1375d7687bc25294306e551bf1abfa4eace6650070a5c1ae2744", size = 243954, upload-time = "2024-11-27T22:38:31.702Z" },
    { url = "https://files.pythonhosted.org/packages/5b/b9/1ed31d167be802da0fc95020d04cd27b7d7065cc6fbefdd2f9186f60d7bd/tomli-2.2.1-cp313-cp313-win32.whl", hash = "sha256:d3f5614314d758649ab2ab3a62d4f2004c825922f9e370b29416484086b264ec", size = 98724, upload-time = "2024-11-27T22:38:32.837Z" },
    { url = "https://files.pythonhosted.org/packages/c7/32/b0963458706accd9afcfeb867c0f9175a741bf7b19cd424230714d722198/tomli-2.2.1-cp313-cp313-win_amd64.whl", hash = "sha256:a38aa0308e754b0e3c67e344754dff64999ff9b513e691d0e786265c93583c69", size = 109383, upload-time = "2024-11-27T22:38:34.455Z" },
    { url = "https://files.pythonhosted.org/packages/6e/c2/61d3e0f47e2b74ef40a68b9e6ad5984f6241a942f7cd3bbfbdbd03861ea9/tomli-2.2.1-py3-none-any.whl", hash = "sha256:cb55c73c5f4408779d0cf3eef9f762b9c9f147a77de7b258bef0a5628adc85cc", size = 14257, upload-time = "2024-11-27T22:38:35.385Z" },
]

[[package]]
name = "typing-extensions"
version = "4.15.0"
source = { registry = "https://pypi.org/simple" }
sdist = { url = "https://files.pythonhosted.org/packages/72/94/1a15dd82efb362ac84269196e94cf00f187f7ed21c242792a923cdb1c61f/typing_extensions-4.15.0.tar.gz", hash = "sha256:0cea48d173cc12fa28ecabc3b837ea3cf6f38c6d1136f85cbaaf598984861466", size = 109391, upload-time = "2025-08-25T13:49:26.313Z" }
wheels = [
    { url = "https://files.pythonhosted.org/packages/18/67/36e9267722cc04a6b9f15c7f3441c2363321a3ea07da7ae0c0707beb2a9c/typing_extensions-4.15.0-py3-none-any.whl", hash = "sha256:f0fa19c6845758ab08074a0cfa8b7aecb71c999ca73d62883bc25cc018c4e548", size = 44614, upload-time = "2025-08-25T13:49:24.86Z" },
]
